// !$*UTF8*$!
{
	archiveVersion = 1;
	classes = {
	};
	objectVersion = 55;
	objects = {

/* Begin PBXBuildFile section */
		0B241E4C2AA2394F007BBBB8 /* ErrorView.swift in Sources */ = {isa = PBXBuildFile; fileRef = 0B241E4B2AA2394F007BBBB8 /* ErrorView.swift */; };
		0B2A50C2288F785C00B05F1E /* PokemonDetailsModel.swift in Sources */ = {isa = PBXBuildFile; fileRef = 0B2A50C1288F785C00B05F1E /* PokemonDetailsModel.swift */; };
		0B2A50CB2890489000B05F1E /* QGrid in Frameworks */ = {isa = PBXBuildFile; productRef = 0B2A50CA2890489000B05F1E /* QGrid */; };
		0B354456288BCF1C002F2862 /* PokemonList.swift in Sources */ = {isa = PBXBuildFile; fileRef = 0B354455288BCF1C002F2862 /* PokemonList.swift */; };
		0B354458288BCFA5002F2862 /* PokemonCell.swift in Sources */ = {isa = PBXBuildFile; fileRef = 0B354457288BCFA5002F2862 /* PokemonCell.swift */; };
		0B35445C288BD4E4002F2862 /* Pokemon.swift in Sources */ = {isa = PBXBuildFile; fileRef = 0B35445B288BD4E4002F2862 /* Pokemon.swift */; };
		0B354466288BD708002F2862 /* Constants.swift in Sources */ = {isa = PBXBuildFile; fileRef = 0B354465288BD708002F2862 /* Constants.swift */; };
		0B35446C288C0230002F2862 /* PokemonDetails.swift in Sources */ = {isa = PBXBuildFile; fileRef = 0B35446B288C0230002F2862 /* PokemonDetails.swift */; };
		0B35446F288C04E6002F2862 /* CircleImage.swift in Sources */ = {isa = PBXBuildFile; fileRef = 0B35446E288C04E6002F2862 /* CircleImage.swift */; };
		0B3A8049289942C000B642D9 /* TabBarView.swift in Sources */ = {isa = PBXBuildFile; fileRef = 0B3A8048289942C000B642D9 /* TabBarView.swift */; };
		0B3A804B28994A5000B642D9 /* TabItem.swift in Sources */ = {isa = PBXBuildFile; fileRef = 0B3A804A28994A5000B642D9 /* TabItem.swift */; };
		0B425956289EBC3A00FCD143 /* PokemonListVM.swift in Sources */ = {isa = PBXBuildFile; fileRef = 0B425955289EBC3A00FCD143 /* PokemonListVM.swift */; };
		0B7782DD289A23D200D4B6CB /* DetailsView.swift in Sources */ = {isa = PBXBuildFile; fileRef = 0B7782DC289A23D200D4B6CB /* DetailsView.swift */; };
		0B7782DF289A90F700D4B6CB /* JustifiedText.swift in Sources */ = {isa = PBXBuildFile; fileRef = 0B7782DE289A90F700D4B6CB /* JustifiedText.swift */; };
		0B7E5C13288E290400FE0BBD /* PokemonDetailsService.swift in Sources */ = {isa = PBXBuildFile; fileRef = 0B7E5C12288E290400FE0BBD /* PokemonDetailsService.swift */; };
		0B8F173D288C3268000A8F69 /* Extensions.swift in Sources */ = {isa = PBXBuildFile; fileRef = 0B8F173C288C3268000A8F69 /* Extensions.swift */; };
		0B8F173F288CC87F000A8F69 /* SpaceTaker.swift in Sources */ = {isa = PBXBuildFile; fileRef = 0B8F173E288CC87F000A8F69 /* SpaceTaker.swift */; };
		0B8F174B288D1B7A000A8F69 /* TypeContainer.swift in Sources */ = {isa = PBXBuildFile; fileRef = 0B8F174A288D1B7A000A8F69 /* TypeContainer.swift */; };
		0B8F174D288D2A35000A8F69 /* SampleView.swift in Sources */ = {isa = PBXBuildFile; fileRef = 0B8F174C288D2A35000A8F69 /* SampleView.swift */; };
		0BA966E3288BCDE3005C1A8F /* PokedexApp.swift in Sources */ = {isa = PBXBuildFile; fileRef = 0BA966E2288BCDE3005C1A8F /* PokedexApp.swift */; };
		0BA966E5288BCDE3005C1A8F /* ContentView.swift in Sources */ = {isa = PBXBuildFile; fileRef = 0BA966E4288BCDE3005C1A8F /* ContentView.swift */; };
		0BA966E7288BCDE6005C1A8F /* Assets.xcassets in Resources */ = {isa = PBXBuildFile; fileRef = 0BA966E6288BCDE6005C1A8F /* Assets.xcassets */; };
		0BA966EA288BCDE6005C1A8F /* Preview Assets.xcassets in Resources */ = {isa = PBXBuildFile; fileRef = 0BA966E9288BCDE6005C1A8F /* Preview Assets.xcassets */; };
		0BA966F4288BCDE6005C1A8F /* PokedexTests.swift in Sources */ = {isa = PBXBuildFile; fileRef = 0BA966F3288BCDE6005C1A8F /* PokedexTests.swift */; };
		0BA966FE288BCDE6005C1A8F /* PokedexUITests.swift in Sources */ = {isa = PBXBuildFile; fileRef = 0BA966FD288BCDE6005C1A8F /* PokedexUITests.swift */; };
		0BA96700288BCDE6005C1A8F /* PokedexUITestsLaunchTests.swift in Sources */ = {isa = PBXBuildFile; fileRef = 0BA966FF288BCDE6005C1A8F /* PokedexUITestsLaunchTests.swift */; };
		0BC0CF1D28912A1F00464579 /* PokemonDetailsVM.swift in Sources */ = {isa = PBXBuildFile; fileRef = 0BC0CF1C28912A1F00464579 /* PokemonDetailsVM.swift */; };
		0BC9F01E2A5FD1B000B8B0A0 /* Loadable.swift in Sources */ = {isa = PBXBuildFile; fileRef = 0BC9F01D2A5FD1B000B8B0A0 /* Loadable.swift */; };
		0BC9F0282A5FE49500B8B0A0 /* PokemonListService.swift in Sources */ = {isa = PBXBuildFile; fileRef = 0BC9F0272A5FE49500B8B0A0 /* PokemonListService.swift */; };
		0BC9F02B2A5FEADA00B8B0A0 /* AppEnvironment.swift in Sources */ = {isa = PBXBuildFile; fileRef = 0BC9F02A2A5FEADA00B8B0A0 /* AppEnvironment.swift */; };
		0BC9F02E2A5FEF3A00B8B0A0 /* PokemonListRepository.swift in Sources */ = {isa = PBXBuildFile; fileRef = 0BC9F02D2A5FEF3A00B8B0A0 /* PokemonListRepository.swift */; };
		0BC9F0302A5FF36E00B8B0A0 /* APICall.swift in Sources */ = {isa = PBXBuildFile; fileRef = 0BC9F02F2A5FF36E00B8B0A0 /* APICall.swift */; };
		0BC9F0322A5FFAB600B8B0A0 /* WebRepository.swift in Sources */ = {isa = PBXBuildFile; fileRef = 0BC9F0312A5FFAB600B8B0A0 /* WebRepository.swift */; };
		5531CCE5BDA0D75F27BCB610 /* Pods_Pokedex_PokedexUITests.framework in Frameworks */ = {isa = PBXBuildFile; fileRef = 507E7E885CC031323F02E63A /* Pods_Pokedex_PokedexUITests.framework */; };
		7DA8E308EDF23481FFCB909E /* Pods_PokedexTests.framework in Frameworks */ = {isa = PBXBuildFile; fileRef = D8AC5D2F4FB02CEC67B13B87 /* Pods_PokedexTests.framework */; };
		B2C22A1E611F1DF5AA3CD89B /* Pods_Pokedex.framework in Frameworks */ = {isa = PBXBuildFile; fileRef = 17307B0EAA1A73442FA02C46 /* Pods_Pokedex.framework */; };
/* End PBXBuildFile section */

/* Begin PBXContainerItemProxy section */
		0BA966F0288BCDE6005C1A8F /* PBXContainerItemProxy */ = {
			isa = PBXContainerItemProxy;
			containerPortal = 0BA966D7288BCDE3005C1A8F /* Project object */;
			proxyType = 1;
			remoteGlobalIDString = 0BA966DE288BCDE3005C1A8F;
			remoteInfo = Pokedex;
		};
		0BA966FA288BCDE6005C1A8F /* PBXContainerItemProxy */ = {
			isa = PBXContainerItemProxy;
			containerPortal = 0BA966D7288BCDE3005C1A8F /* Project object */;
			proxyType = 1;
			remoteGlobalIDString = 0BA966DE288BCDE3005C1A8F;
			remoteInfo = Pokedex;
		};
/* End PBXContainerItemProxy section */

/* Begin PBXFileReference section */
		0B241E4B2AA2394F007BBBB8 /* ErrorView.swift */ = {isa = PBXFileReference; lastKnownFileType = sourcecode.swift; path = ErrorView.swift; sourceTree = "<group>"; };
		0B2A50C1288F785C00B05F1E /* PokemonDetailsModel.swift */ = {isa = PBXFileReference; lastKnownFileType = sourcecode.swift; path = PokemonDetailsModel.swift; sourceTree = "<group>"; };
		0B354455288BCF1C002F2862 /* PokemonList.swift */ = {isa = PBXFileReference; lastKnownFileType = sourcecode.swift; path = PokemonList.swift; sourceTree = "<group>"; };
		0B354457288BCFA5002F2862 /* PokemonCell.swift */ = {isa = PBXFileReference; lastKnownFileType = sourcecode.swift; path = PokemonCell.swift; sourceTree = "<group>"; };
		0B35445B288BD4E4002F2862 /* Pokemon.swift */ = {isa = PBXFileReference; lastKnownFileType = sourcecode.swift; path = Pokemon.swift; sourceTree = "<group>"; };
		0B354465288BD708002F2862 /* Constants.swift */ = {isa = PBXFileReference; lastKnownFileType = sourcecode.swift; path = Constants.swift; sourceTree = "<group>"; };
		0B354467288BE0FE002F2862 /* Info.plist */ = {isa = PBXFileReference; lastKnownFileType = text.plist.xml; path = Info.plist; sourceTree = "<group>"; };
		0B35446B288C0230002F2862 /* PokemonDetails.swift */ = {isa = PBXFileReference; lastKnownFileType = sourcecode.swift; path = PokemonDetails.swift; sourceTree = "<group>"; };
		0B35446E288C04E6002F2862 /* CircleImage.swift */ = {isa = PBXFileReference; lastKnownFileType = sourcecode.swift; path = CircleImage.swift; sourceTree = "<group>"; };
		0B3A8048289942C000B642D9 /* TabBarView.swift */ = {isa = PBXFileReference; lastKnownFileType = sourcecode.swift; path = TabBarView.swift; sourceTree = "<group>"; };
		0B3A804A28994A5000B642D9 /* TabItem.swift */ = {isa = PBXFileReference; lastKnownFileType = sourcecode.swift; path = TabItem.swift; sourceTree = "<group>"; };
		0B425955289EBC3A00FCD143 /* PokemonListVM.swift */ = {isa = PBXFileReference; lastKnownFileType = sourcecode.swift; path = PokemonListVM.swift; sourceTree = "<group>"; };
		0B7782DC289A23D200D4B6CB /* DetailsView.swift */ = {isa = PBXFileReference; lastKnownFileType = sourcecode.swift; path = DetailsView.swift; sourceTree = "<group>"; };
		0B7782DE289A90F700D4B6CB /* JustifiedText.swift */ = {isa = PBXFileReference; lastKnownFileType = sourcecode.swift; path = JustifiedText.swift; sourceTree = "<group>"; };
		0B7E5C12288E290400FE0BBD /* PokemonDetailsService.swift */ = {isa = PBXFileReference; lastKnownFileType = sourcecode.swift; path = PokemonDetailsService.swift; sourceTree = "<group>"; };
		0B8F173C288C3268000A8F69 /* Extensions.swift */ = {isa = PBXFileReference; lastKnownFileType = sourcecode.swift; path = Extensions.swift; sourceTree = "<group>"; };
		0B8F173E288CC87F000A8F69 /* SpaceTaker.swift */ = {isa = PBXFileReference; lastKnownFileType = sourcecode.swift; path = SpaceTaker.swift; sourceTree = "<group>"; };
		0B8F174A288D1B7A000A8F69 /* TypeContainer.swift */ = {isa = PBXFileReference; lastKnownFileType = sourcecode.swift; path = TypeContainer.swift; sourceTree = "<group>"; };
		0B8F174C288D2A35000A8F69 /* SampleView.swift */ = {isa = PBXFileReference; lastKnownFileType = sourcecode.swift; path = SampleView.swift; sourceTree = "<group>"; };
		0BA966DF288BCDE3005C1A8F /* Pokedex.app */ = {isa = PBXFileReference; explicitFileType = wrapper.application; includeInIndex = 0; path = Pokedex.app; sourceTree = BUILT_PRODUCTS_DIR; };
		0BA966E2288BCDE3005C1A8F /* PokedexApp.swift */ = {isa = PBXFileReference; lastKnownFileType = sourcecode.swift; path = PokedexApp.swift; sourceTree = "<group>"; };
		0BA966E4288BCDE3005C1A8F /* ContentView.swift */ = {isa = PBXFileReference; lastKnownFileType = sourcecode.swift; path = ContentView.swift; sourceTree = "<group>"; };
		0BA966E6288BCDE6005C1A8F /* Assets.xcassets */ = {isa = PBXFileReference; lastKnownFileType = folder.assetcatalog; path = Assets.xcassets; sourceTree = "<group>"; };
		0BA966E9288BCDE6005C1A8F /* Preview Assets.xcassets */ = {isa = PBXFileReference; lastKnownFileType = folder.assetcatalog; path = "Preview Assets.xcassets"; sourceTree = "<group>"; };
		0BA966EF288BCDE6005C1A8F /* PokedexTests.xctest */ = {isa = PBXFileReference; explicitFileType = wrapper.cfbundle; includeInIndex = 0; path = PokedexTests.xctest; sourceTree = BUILT_PRODUCTS_DIR; };
		0BA966F3288BCDE6005C1A8F /* PokedexTests.swift */ = {isa = PBXFileReference; lastKnownFileType = sourcecode.swift; path = PokedexTests.swift; sourceTree = "<group>"; };
		0BA966F9288BCDE6005C1A8F /* PokedexUITests.xctest */ = {isa = PBXFileReference; explicitFileType = wrapper.cfbundle; includeInIndex = 0; path = PokedexUITests.xctest; sourceTree = BUILT_PRODUCTS_DIR; };
		0BA966FD288BCDE6005C1A8F /* PokedexUITests.swift */ = {isa = PBXFileReference; lastKnownFileType = sourcecode.swift; path = PokedexUITests.swift; sourceTree = "<group>"; };
		0BA966FF288BCDE6005C1A8F /* PokedexUITestsLaunchTests.swift */ = {isa = PBXFileReference; lastKnownFileType = sourcecode.swift; path = PokedexUITestsLaunchTests.swift; sourceTree = "<group>"; };
		0BC0CF1C28912A1F00464579 /* PokemonDetailsVM.swift */ = {isa = PBXFileReference; lastKnownFileType = sourcecode.swift; path = PokemonDetailsVM.swift; sourceTree = "<group>"; };
		0BC9F01D2A5FD1B000B8B0A0 /* Loadable.swift */ = {isa = PBXFileReference; lastKnownFileType = sourcecode.swift; path = Loadable.swift; sourceTree = "<group>"; };
		0BC9F0272A5FE49500B8B0A0 /* PokemonListService.swift */ = {isa = PBXFileReference; lastKnownFileType = sourcecode.swift; path = PokemonListService.swift; sourceTree = "<group>"; };
		0BC9F02A2A5FEADA00B8B0A0 /* AppEnvironment.swift */ = {isa = PBXFileReference; lastKnownFileType = sourcecode.swift; path = AppEnvironment.swift; sourceTree = "<group>"; };
		0BC9F02D2A5FEF3A00B8B0A0 /* PokemonListRepository.swift */ = {isa = PBXFileReference; lastKnownFileType = sourcecode.swift; path = PokemonListRepository.swift; sourceTree = "<group>"; };
		0BC9F02F2A5FF36E00B8B0A0 /* APICall.swift */ = {isa = PBXFileReference; lastKnownFileType = sourcecode.swift; path = APICall.swift; sourceTree = "<group>"; };
		0BC9F0312A5FFAB600B8B0A0 /* WebRepository.swift */ = {isa = PBXFileReference; lastKnownFileType = sourcecode.swift; path = WebRepository.swift; sourceTree = "<group>"; };
		17307B0EAA1A73442FA02C46 /* Pods_Pokedex.framework */ = {isa = PBXFileReference; explicitFileType = wrapper.framework; includeInIndex = 0; path = Pods_Pokedex.framework; sourceTree = BUILT_PRODUCTS_DIR; };
		17D23C31E74DF87D53BB528F /* Pods-PokedexTests.release.xcconfig */ = {isa = PBXFileReference; includeInIndex = 1; lastKnownFileType = text.xcconfig; name = "Pods-PokedexTests.release.xcconfig"; path = "Target Support Files/Pods-PokedexTests/Pods-PokedexTests.release.xcconfig"; sourceTree = "<group>"; };
		37EA66B8920E0D40516C7FEB /* Pods-Pokedex-PokedexUITests.release.xcconfig */ = {isa = PBXFileReference; includeInIndex = 1; lastKnownFileType = text.xcconfig; name = "Pods-Pokedex-PokedexUITests.release.xcconfig"; path = "Target Support Files/Pods-Pokedex-PokedexUITests/Pods-Pokedex-PokedexUITests.release.xcconfig"; sourceTree = "<group>"; };
		48E3BC1916E0A3E28167BA02 /* Pods-Pokedex-PokedexUITests.debug.xcconfig */ = {isa = PBXFileReference; includeInIndex = 1; lastKnownFileType = text.xcconfig; name = "Pods-Pokedex-PokedexUITests.debug.xcconfig"; path = "Target Support Files/Pods-Pokedex-PokedexUITests/Pods-Pokedex-PokedexUITests.debug.xcconfig"; sourceTree = "<group>"; };
		507E7E885CC031323F02E63A /* Pods_Pokedex_PokedexUITests.framework */ = {isa = PBXFileReference; explicitFileType = wrapper.framework; includeInIndex = 0; path = Pods_Pokedex_PokedexUITests.framework; sourceTree = BUILT_PRODUCTS_DIR; };
		800F08E085B17D89CCF3CD2D /* Pods-Pokedex.release.xcconfig */ = {isa = PBXFileReference; includeInIndex = 1; lastKnownFileType = text.xcconfig; name = "Pods-Pokedex.release.xcconfig"; path = "Target Support Files/Pods-Pokedex/Pods-Pokedex.release.xcconfig"; sourceTree = "<group>"; };
		A6B1D625E6AC7456CDAE8716 /* Pods-PokedexTests.debug.xcconfig */ = {isa = PBXFileReference; includeInIndex = 1; lastKnownFileType = text.xcconfig; name = "Pods-PokedexTests.debug.xcconfig"; path = "Target Support Files/Pods-PokedexTests/Pods-PokedexTests.debug.xcconfig"; sourceTree = "<group>"; };
		D8AC5D2F4FB02CEC67B13B87 /* Pods_PokedexTests.framework */ = {isa = PBXFileReference; explicitFileType = wrapper.framework; includeInIndex = 0; path = Pods_PokedexTests.framework; sourceTree = BUILT_PRODUCTS_DIR; };
		FEA63F6B5922D392CE839FF5 /* Pods-Pokedex.debug.xcconfig */ = {isa = PBXFileReference; includeInIndex = 1; lastKnownFileType = text.xcconfig; name = "Pods-Pokedex.debug.xcconfig"; path = "Target Support Files/Pods-Pokedex/Pods-Pokedex.debug.xcconfig"; sourceTree = "<group>"; };
/* End PBXFileReference section */

/* Begin PBXFrameworksBuildPhase section */
		0BA966DC288BCDE3005C1A8F /* Frameworks */ = {
			isa = PBXFrameworksBuildPhase;
			buildActionMask = 2147483647;
			files = (
				0B2A50CB2890489000B05F1E /* QGrid in Frameworks */,
				B2C22A1E611F1DF5AA3CD89B /* Pods_Pokedex.framework in Frameworks */,
			);
			runOnlyForDeploymentPostprocessing = 0;
		};
		0BA966EC288BCDE6005C1A8F /* Frameworks */ = {
			isa = PBXFrameworksBuildPhase;
			buildActionMask = 2147483647;
			files = (
				7DA8E308EDF23481FFCB909E /* Pods_PokedexTests.framework in Frameworks */,
			);
			runOnlyForDeploymentPostprocessing = 0;
		};
		0BA966F6288BCDE6005C1A8F /* Frameworks */ = {
			isa = PBXFrameworksBuildPhase;
			buildActionMask = 2147483647;
			files = (
				5531CCE5BDA0D75F27BCB610 /* Pods_Pokedex_PokedexUITests.framework in Frameworks */,
			);
			runOnlyForDeploymentPostprocessing = 0;
		};
/* End PBXFrameworksBuildPhase section */

/* Begin PBXGroup section */
		0B241E4A2AA2393D007BBBB8 /* Components */ = {
			isa = PBXGroup;
			children = (
				0B241E4B2AA2394F007BBBB8 /* ErrorView.swift */,
			);
			path = Components;
			sourceTree = "<group>";
		};
		0B354453288BCEB9002F2862 /* Supporting Files */ = {
			isa = PBXGroup;
			children = (
				0BA966E9288BCDE6005C1A8F /* Preview Assets.xcassets */,
				0BA966E6288BCDE6005C1A8F /* Assets.xcassets */,
				0B354467288BE0FE002F2862 /* Info.plist */,
			);
			path = "Supporting Files";
			sourceTree = "<group>";
		};
		0B354454288BCEE2002F2862 /* Pokemon List */ = {
			isa = PBXGroup;
			children = (
				0B241E4A2AA2393D007BBBB8 /* Components */,
				0B354455288BCF1C002F2862 /* PokemonList.swift */,
				0B354457288BCFA5002F2862 /* PokemonCell.swift */,
				0B425955289EBC3A00FCD143 /* PokemonListVM.swift */,
			);
			path = "Pokemon List";
			sourceTree = "<group>";
		};
		0B35446A288C019E002F2862 /* Pokemon Details */ = {
			isa = PBXGroup;
			children = (
				0B7782DB289A23B700D4B6CB /* Components */,
				0B7E5C11288E28C400FE0BBD /* Service */,
				0B35446B288C0230002F2862 /* PokemonDetails.swift */,
				0BC0CF1C28912A1F00464579 /* PokemonDetailsVM.swift */,
			);
			path = "Pokemon Details";
			sourceTree = "<group>";
		};
		0B35446D288C04D0002F2862 /* Reusable Views */ = {
			isa = PBXGroup;
			children = (
				0B35446E288C04E6002F2862 /* CircleImage.swift */,
				0B8F173E288CC87F000A8F69 /* SpaceTaker.swift */,
				0B3A8048289942C000B642D9 /* TabBarView.swift */,
				0B3A804A28994A5000B642D9 /* TabItem.swift */,
				0B7782DE289A90F700D4B6CB /* JustifiedText.swift */,
			);
			path = "Reusable Views";
			sourceTree = "<group>";
		};
		0B7782DB289A23B700D4B6CB /* Components */ = {
			isa = PBXGroup;
			children = (
				0B8F174C288D2A35000A8F69 /* SampleView.swift */,
				0B8F174A288D1B7A000A8F69 /* TypeContainer.swift */,
				0B7782DC289A23D200D4B6CB /* DetailsView.swift */,
			);
			path = Components;
			sourceTree = "<group>";
		};
		0B7E5C11288E28C400FE0BBD /* Service */ = {
			isa = PBXGroup;
			children = (
				0B7E5C12288E290400FE0BBD /* PokemonDetailsService.swift */,
			);
			path = Service;
			sourceTree = "<group>";
		};
		0BA966D6288BCDE3005C1A8F = {
			isa = PBXGroup;
			children = (
				0BA966E1288BCDE3005C1A8F /* Pokedex */,
				0BA966F2288BCDE6005C1A8F /* PokedexTests */,
				0BA966FC288BCDE6005C1A8F /* PokedexUITests */,
				0BA966E0288BCDE3005C1A8F /* Products */,
				E617D9E261CA9E7CFAD4C888 /* Pods */,
				DB17351F277127E5C7BD19AE /* Frameworks */,
			);
			sourceTree = "<group>";
		};
		0BA966E0288BCDE3005C1A8F /* Products */ = {
			isa = PBXGroup;
			children = (
				0BA966DF288BCDE3005C1A8F /* Pokedex.app */,
				0BA966EF288BCDE6005C1A8F /* PokedexTests.xctest */,
				0BA966F9288BCDE6005C1A8F /* PokedexUITests.xctest */,
			);
			name = Products;
			sourceTree = "<group>";
		};
		0BA966E1288BCDE3005C1A8F /* Pokedex */ = {
			isa = PBXGroup;
			children = (
				0BC9F0292A5FEAAE00B8B0A0 /* System */,
				0BC9F0252A5FDE9B00B8B0A0 /* UI */,
				0BC9F0222A5FDD1300B8B0A0 /* Models */,
				0BC9F0242A5FDE8800B8B0A0 /* Repositories */,
				0BC9F0232A5FDE1B00B8B0A0 /* Services */,
				0BC9F01C2A5FD1A100B8B0A0 /* Utilities */,
				0B354453288BCEB9002F2862 /* Supporting Files */,
			);
			path = Pokedex;
			sourceTree = "<group>";
		};
		0BA966F2288BCDE6005C1A8F /* PokedexTests */ = {
			isa = PBXGroup;
			children = (
				0BA966F3288BCDE6005C1A8F /* PokedexTests.swift */,
			);
			path = PokedexTests;
			sourceTree = "<group>";
		};
		0BA966FC288BCDE6005C1A8F /* PokedexUITests */ = {
			isa = PBXGroup;
			children = (
				0BA966FD288BCDE6005C1A8F /* PokedexUITests.swift */,
				0BA966FF288BCDE6005C1A8F /* PokedexUITestsLaunchTests.swift */,
			);
			path = PokedexUITests;
			sourceTree = "<group>";
		};
		0BC9F01C2A5FD1A100B8B0A0 /* Utilities */ = {
			isa = PBXGroup;
			children = (
				0BC9F02F2A5FF36E00B8B0A0 /* APICall.swift */,
				0BC9F0312A5FFAB600B8B0A0 /* WebRepository.swift */,
				0B354465288BD708002F2862 /* Constants.swift */,
				0BC9F01D2A5FD1B000B8B0A0 /* Loadable.swift */,
				0B8F173C288C3268000A8F69 /* Extensions.swift */,
				0B35446D288C04D0002F2862 /* Reusable Views */,
			);
			path = Utilities;
			sourceTree = "<group>";
		};
		0BC9F0222A5FDD1300B8B0A0 /* Models */ = {
			isa = PBXGroup;
			children = (
				0B2A50C1288F785C00B05F1E /* PokemonDetailsModel.swift */,
				0B35445B288BD4E4002F2862 /* Pokemon.swift */,
			);
			path = Models;
			sourceTree = "<group>";
		};
		0BC9F0232A5FDE1B00B8B0A0 /* Services */ = {
			isa = PBXGroup;
			children = (
				0BC9F0272A5FE49500B8B0A0 /* PokemonListService.swift */,
			);
			path = Services;
			sourceTree = "<group>";
		};
		0BC9F0242A5FDE8800B8B0A0 /* Repositories */ = {
			isa = PBXGroup;
			children = (
				0BC9F02D2A5FEF3A00B8B0A0 /* PokemonListRepository.swift */,
			);
			path = Repositories;
			sourceTree = "<group>";
		};
		0BC9F0252A5FDE9B00B8B0A0 /* UI */ = {
			isa = PBXGroup;
			children = (
				0BA966E2288BCDE3005C1A8F /* PokedexApp.swift */,
				0BA966E4288BCDE3005C1A8F /* ContentView.swift */,
				0B354454288BCEE2002F2862 /* Pokemon List */,
				0B35446A288C019E002F2862 /* Pokemon Details */,
			);
			path = UI;
			sourceTree = "<group>";
		};
		0BC9F0292A5FEAAE00B8B0A0 /* System */ = {
			isa = PBXGroup;
			children = (
				0BC9F02A2A5FEADA00B8B0A0 /* AppEnvironment.swift */,
			);
			path = System;
			sourceTree = "<group>";
		};
		DB17351F277127E5C7BD19AE /* Frameworks */ = {
			isa = PBXGroup;
			children = (
				17307B0EAA1A73442FA02C46 /* Pods_Pokedex.framework */,
				507E7E885CC031323F02E63A /* Pods_Pokedex_PokedexUITests.framework */,
				D8AC5D2F4FB02CEC67B13B87 /* Pods_PokedexTests.framework */,
			);
			name = Frameworks;
			sourceTree = "<group>";
		};
		E617D9E261CA9E7CFAD4C888 /* Pods */ = {
			isa = PBXGroup;
			children = (
				FEA63F6B5922D392CE839FF5 /* Pods-Pokedex.debug.xcconfig */,
				800F08E085B17D89CCF3CD2D /* Pods-Pokedex.release.xcconfig */,
				48E3BC1916E0A3E28167BA02 /* Pods-Pokedex-PokedexUITests.debug.xcconfig */,
				37EA66B8920E0D40516C7FEB /* Pods-Pokedex-PokedexUITests.release.xcconfig */,
				A6B1D625E6AC7456CDAE8716 /* Pods-PokedexTests.debug.xcconfig */,
				17D23C31E74DF87D53BB528F /* Pods-PokedexTests.release.xcconfig */,
			);
			path = Pods;
			sourceTree = "<group>";
		};
/* End PBXGroup section */

/* Begin PBXNativeTarget section */
		0BA966DE288BCDE3005C1A8F /* Pokedex */ = {
			isa = PBXNativeTarget;
			buildConfigurationList = 0BA96703288BCDE6005C1A8F /* Build configuration list for PBXNativeTarget "Pokedex" */;
			buildPhases = (
				24B703C22EEB49509832C5A0 /* [CP] Check Pods Manifest.lock */,
				0BA966DB288BCDE3005C1A8F /* Sources */,
				0BA966DC288BCDE3005C1A8F /* Frameworks */,
				0BA966DD288BCDE3005C1A8F /* Resources */,
			);
			buildRules = (
			);
			dependencies = (
			);
			name = Pokedex;
			packageProductDependencies = (
				0B2A50CA2890489000B05F1E /* QGrid */,
			);
			productName = Pokedex;
			productReference = 0BA966DF288BCDE3005C1A8F /* Pokedex.app */;
			productType = "com.apple.product-type.application";
		};
		0BA966EE288BCDE6005C1A8F /* PokedexTests */ = {
			isa = PBXNativeTarget;
			buildConfigurationList = 0BA96706288BCDE6005C1A8F /* Build configuration list for PBXNativeTarget "PokedexTests" */;
			buildPhases = (
				55475AD843F2228AB6CB1C8F /* [CP] Check Pods Manifest.lock */,
				0BA966EB288BCDE6005C1A8F /* Sources */,
				0BA966EC288BCDE6005C1A8F /* Frameworks */,
				0BA966ED288BCDE6005C1A8F /* Resources */,
			);
			buildRules = (
			);
			dependencies = (
				0BA966F1288BCDE6005C1A8F /* PBXTargetDependency */,
			);
			name = PokedexTests;
			productName = PokedexTests;
			productReference = 0BA966EF288BCDE6005C1A8F /* PokedexTests.xctest */;
			productType = "com.apple.product-type.bundle.unit-test";
		};
		0BA966F8288BCDE6005C1A8F /* PokedexUITests */ = {
			isa = PBXNativeTarget;
			buildConfigurationList = 0BA96709288BCDE6005C1A8F /* Build configuration list for PBXNativeTarget "PokedexUITests" */;
			buildPhases = (
				DC1537C9BBC2C2D61A122947 /* [CP] Check Pods Manifest.lock */,
				0BA966F5288BCDE6005C1A8F /* Sources */,
				0BA966F6288BCDE6005C1A8F /* Frameworks */,
				0BA966F7288BCDE6005C1A8F /* Resources */,
			);
			buildRules = (
			);
			dependencies = (
				0BA966FB288BCDE6005C1A8F /* PBXTargetDependency */,
			);
			name = PokedexUITests;
			productName = PokedexUITests;
			productReference = 0BA966F9288BCDE6005C1A8F /* PokedexUITests.xctest */;
			productType = "com.apple.product-type.bundle.ui-testing";
		};
/* End PBXNativeTarget section */

/* Begin PBXProject section */
		0BA966D7288BCDE3005C1A8F /* Project object */ = {
			isa = PBXProject;
			attributes = {
				BuildIndependentTargetsInParallel = 1;
				LastSwiftUpdateCheck = 1340;
				LastUpgradeCheck = 1340;
				TargetAttributes = {
					0BA966DE288BCDE3005C1A8F = {
						CreatedOnToolsVersion = 13.4.1;
					};
					0BA966EE288BCDE6005C1A8F = {
						CreatedOnToolsVersion = 13.4.1;
						TestTargetID = 0BA966DE288BCDE3005C1A8F;
					};
					0BA966F8288BCDE6005C1A8F = {
						CreatedOnToolsVersion = 13.4.1;
						TestTargetID = 0BA966DE288BCDE3005C1A8F;
					};
				};
			};
			buildConfigurationList = 0BA966DA288BCDE3005C1A8F /* Build configuration list for PBXProject "Pokedex" */;
			compatibilityVersion = "Xcode 13.0";
			developmentRegion = en;
			hasScannedForEncodings = 0;
			knownRegions = (
				en,
				Base,
			);
			mainGroup = 0BA966D6288BCDE3005C1A8F;
			packageReferences = (
				0B2A50C92890489000B05F1E /* XCRemoteSwiftPackageReference "QGrid" */,
			);
			productRefGroup = 0BA966E0288BCDE3005C1A8F /* Products */;
			projectDirPath = "";
			projectRoot = "";
			targets = (
				0BA966DE288BCDE3005C1A8F /* Pokedex */,
				0BA966EE288BCDE6005C1A8F /* PokedexTests */,
				0BA966F8288BCDE6005C1A8F /* PokedexUITests */,
			);
		};
/* End PBXProject section */

/* Begin PBXResourcesBuildPhase section */
		0BA966DD288BCDE3005C1A8F /* Resources */ = {
			isa = PBXResourcesBuildPhase;
			buildActionMask = 2147483647;
			files = (
				0BA966EA288BCDE6005C1A8F /* Preview Assets.xcassets in Resources */,
				0BA966E7288BCDE6005C1A8F /* Assets.xcassets in Resources */,
			);
			runOnlyForDeploymentPostprocessing = 0;
		};
		0BA966ED288BCDE6005C1A8F /* Resources */ = {
			isa = PBXResourcesBuildPhase;
			buildActionMask = 2147483647;
			files = (
			);
			runOnlyForDeploymentPostprocessing = 0;
		};
		0BA966F7288BCDE6005C1A8F /* Resources */ = {
			isa = PBXResourcesBuildPhase;
			buildActionMask = 2147483647;
			files = (
			);
			runOnlyForDeploymentPostprocessing = 0;
		};
/* End PBXResourcesBuildPhase section */

/* Begin PBXShellScriptBuildPhase section */
		24B703C22EEB49509832C5A0 /* [CP] Check Pods Manifest.lock */ = {
			isa = PBXShellScriptBuildPhase;
			buildActionMask = 2147483647;
			files = (
			);
			inputFileListPaths = (
			);
			inputPaths = (
				"${PODS_PODFILE_DIR_PATH}/Podfile.lock",
				"${PODS_ROOT}/Manifest.lock",
			);
			name = "[CP] Check Pods Manifest.lock";
			outputFileListPaths = (
			);
			outputPaths = (
				"$(DERIVED_FILE_DIR)/Pods-Pokedex-checkManifestLockResult.txt",
			);
			runOnlyForDeploymentPostprocessing = 0;
			shellPath = /bin/sh;
			shellScript = "diff \"${PODS_PODFILE_DIR_PATH}/Podfile.lock\" \"${PODS_ROOT}/Manifest.lock\" > /dev/null\nif [ $? != 0 ] ; then\n    # print error to STDERR\n    echo \"error: The sandbox is not in sync with the Podfile.lock. Run 'pod install' or update your CocoaPods installation.\" >&2\n    exit 1\nfi\n# This output is used by Xcode 'outputs' to avoid re-running this script phase.\necho \"SUCCESS\" > \"${SCRIPT_OUTPUT_FILE_0}\"\n";
			showEnvVarsInLog = 0;
		};
		55475AD843F2228AB6CB1C8F /* [CP] Check Pods Manifest.lock */ = {
			isa = PBXShellScriptBuildPhase;
			buildActionMask = 2147483647;
			files = (
			);
			inputFileListPaths = (
			);
			inputPaths = (
				"${PODS_PODFILE_DIR_PATH}/Podfile.lock",
				"${PODS_ROOT}/Manifest.lock",
			);
			name = "[CP] Check Pods Manifest.lock";
			outputFileListPaths = (
			);
			outputPaths = (
				"$(DERIVED_FILE_DIR)/Pods-PokedexTests-checkManifestLockResult.txt",
			);
			runOnlyForDeploymentPostprocessing = 0;
			shellPath = /bin/sh;
			shellScript = "diff \"${PODS_PODFILE_DIR_PATH}/Podfile.lock\" \"${PODS_ROOT}/Manifest.lock\" > /dev/null\nif [ $? != 0 ] ; then\n    # print error to STDERR\n    echo \"error: The sandbox is not in sync with the Podfile.lock. Run 'pod install' or update your CocoaPods installation.\" >&2\n    exit 1\nfi\n# This output is used by Xcode 'outputs' to avoid re-running this script phase.\necho \"SUCCESS\" > \"${SCRIPT_OUTPUT_FILE_0}\"\n";
			showEnvVarsInLog = 0;
		};
		DC1537C9BBC2C2D61A122947 /* [CP] Check Pods Manifest.lock */ = {
			isa = PBXShellScriptBuildPhase;
			buildActionMask = 2147483647;
			files = (
			);
			inputFileListPaths = (
			);
			inputPaths = (
				"${PODS_PODFILE_DIR_PATH}/Podfile.lock",
				"${PODS_ROOT}/Manifest.lock",
			);
			name = "[CP] Check Pods Manifest.lock";
			outputFileListPaths = (
			);
			outputPaths = (
				"$(DERIVED_FILE_DIR)/Pods-Pokedex-PokedexUITests-checkManifestLockResult.txt",
			);
			runOnlyForDeploymentPostprocessing = 0;
			shellPath = /bin/sh;
			shellScript = "diff \"${PODS_PODFILE_DIR_PATH}/Podfile.lock\" \"${PODS_ROOT}/Manifest.lock\" > /dev/null\nif [ $? != 0 ] ; then\n    # print error to STDERR\n    echo \"error: The sandbox is not in sync with the Podfile.lock. Run 'pod install' or update your CocoaPods installation.\" >&2\n    exit 1\nfi\n# This output is used by Xcode 'outputs' to avoid re-running this script phase.\necho \"SUCCESS\" > \"${SCRIPT_OUTPUT_FILE_0}\"\n";
			showEnvVarsInLog = 0;
		};
/* End PBXShellScriptBuildPhase section */

/* Begin PBXSourcesBuildPhase section */
		0BA966DB288BCDE3005C1A8F /* Sources */ = {
			isa = PBXSourcesBuildPhase;
			buildActionMask = 2147483647;
			files = (
				0B35445C288BD4E4002F2862 /* Pokemon.swift in Sources */,
				0BC9F0302A5FF36E00B8B0A0 /* APICall.swift in Sources */,
				0B354458288BCFA5002F2862 /* PokemonCell.swift in Sources */,
				0B35446C288C0230002F2862 /* PokemonDetails.swift in Sources */,
				0BA966E5288BCDE3005C1A8F /* ContentView.swift in Sources */,
				0BC0CF1D28912A1F00464579 /* PokemonDetailsVM.swift in Sources */,
				0B7E5C13288E290400FE0BBD /* PokemonDetailsService.swift in Sources */,
				0BA966E3288BCDE3005C1A8F /* PokedexApp.swift in Sources */,
				0B2A50C2288F785C00B05F1E /* PokemonDetailsModel.swift in Sources */,
				0B8F174B288D1B7A000A8F69 /* TypeContainer.swift in Sources */,
				0B35446F288C04E6002F2862 /* CircleImage.swift in Sources */,
				0B241E4C2AA2394F007BBBB8 /* ErrorView.swift in Sources */,
				0BC9F02E2A5FEF3A00B8B0A0 /* PokemonListRepository.swift in Sources */,
				0B425956289EBC3A00FCD143 /* PokemonListVM.swift in Sources */,
				0B8F174D288D2A35000A8F69 /* SampleView.swift in Sources */,
				0B7782DF289A90F700D4B6CB /* JustifiedText.swift in Sources */,
				0BC9F0282A5FE49500B8B0A0 /* PokemonListService.swift in Sources */,
				0BC9F01E2A5FD1B000B8B0A0 /* Loadable.swift in Sources */,
				0BC9F0322A5FFAB600B8B0A0 /* WebRepository.swift in Sources */,
				0B354456288BCF1C002F2862 /* PokemonList.swift in Sources */,
				0BC9F02B2A5FEADA00B8B0A0 /* AppEnvironment.swift in Sources */,
				0B3A8049289942C000B642D9 /* TabBarView.swift in Sources */,
				0B7782DD289A23D200D4B6CB /* DetailsView.swift in Sources */,
				0B3A804B28994A5000B642D9 /* TabItem.swift in Sources */,
				0B354466288BD708002F2862 /* Constants.swift in Sources */,
				0B8F173F288CC87F000A8F69 /* SpaceTaker.swift in Sources */,
				0B8F173D288C3268000A8F69 /* Extensions.swift in Sources */,
			);
			runOnlyForDeploymentPostprocessing = 0;
		};
		0BA966EB288BCDE6005C1A8F /* Sources */ = {
			isa = PBXSourcesBuildPhase;
			buildActionMask = 2147483647;
			files = (
				0BA966F4288BCDE6005C1A8F /* PokedexTests.swift in Sources */,
			);
			runOnlyForDeploymentPostprocessing = 0;
		};
		0BA966F5288BCDE6005C1A8F /* Sources */ = {
			isa = PBXSourcesBuildPhase;
			buildActionMask = 2147483647;
			files = (
				0BA966FE288BCDE6005C1A8F /* PokedexUITests.swift in Sources */,
				0BA96700288BCDE6005C1A8F /* PokedexUITestsLaunchTests.swift in Sources */,
			);
			runOnlyForDeploymentPostprocessing = 0;
		};
/* End PBXSourcesBuildPhase section */

/* Begin PBXTargetDependency section */
		0BA966F1288BCDE6005C1A8F /* PBXTargetDependency */ = {
			isa = PBXTargetDependency;
			target = 0BA966DE288BCDE3005C1A8F /* Pokedex */;
			targetProxy = 0BA966F0288BCDE6005C1A8F /* PBXContainerItemProxy */;
		};
		0BA966FB288BCDE6005C1A8F /* PBXTargetDependency */ = {
			isa = PBXTargetDependency;
			target = 0BA966DE288BCDE3005C1A8F /* Pokedex */;
			targetProxy = 0BA966FA288BCDE6005C1A8F /* PBXContainerItemProxy */;
		};
/* End PBXTargetDependency section */

/* Begin XCBuildConfiguration section */
		0BA96701288BCDE6005C1A8F /* Debug */ = {
			isa = XCBuildConfiguration;
			buildSettings = {
				ALWAYS_SEARCH_USER_PATHS = NO;
				CLANG_ANALYZER_NONNULL = YES;
				CLANG_ANALYZER_NUMBER_OBJECT_CONVERSION = YES_AGGRESSIVE;
				CLANG_CXX_LANGUAGE_STANDARD = "gnu++17";
				CLANG_ENABLE_MODULES = YES;
				CLANG_ENABLE_OBJC_ARC = YES;
				CLANG_ENABLE_OBJC_WEAK = YES;
				CLANG_WARN_BLOCK_CAPTURE_AUTORELEASING = YES;
				CLANG_WARN_BOOL_CONVERSION = YES;
				CLANG_WARN_COMMA = YES;
				CLANG_WARN_CONSTANT_CONVERSION = YES;
				CLANG_WARN_DEPRECATED_OBJC_IMPLEMENTATIONS = YES;
				CLANG_WARN_DIRECT_OBJC_ISA_USAGE = YES_ERROR;
				CLANG_WARN_DOCUMENTATION_COMMENTS = YES;
				CLANG_WARN_EMPTY_BODY = YES;
				CLANG_WARN_ENUM_CONVERSION = YES;
				CLANG_WARN_INFINITE_RECURSION = YES;
				CLANG_WARN_INT_CONVERSION = YES;
				CLANG_WARN_NON_LITERAL_NULL_CONVERSION = YES;
				CLANG_WARN_OBJC_IMPLICIT_RETAIN_SELF = YES;
				CLANG_WARN_OBJC_LITERAL_CONVERSION = YES;
				CLANG_WARN_OBJC_ROOT_CLASS = YES_ERROR;
				CLANG_WARN_QUOTED_INCLUDE_IN_FRAMEWORK_HEADER = YES;
				CLANG_WARN_RANGE_LOOP_ANALYSIS = YES;
				CLANG_WARN_STRICT_PROTOTYPES = YES;
				CLANG_WARN_SUSPICIOUS_MOVE = YES;
				CLANG_WARN_UNGUARDED_AVAILABILITY = YES_AGGRESSIVE;
				CLANG_WARN_UNREACHABLE_CODE = YES;
				CLANG_WARN__DUPLICATE_METHOD_MATCH = YES;
				COPY_PHASE_STRIP = NO;
				DEBUG_INFORMATION_FORMAT = dwarf;
				ENABLE_STRICT_OBJC_MSGSEND = YES;
				ENABLE_TESTABILITY = YES;
				GCC_C_LANGUAGE_STANDARD = gnu11;
				GCC_DYNAMIC_NO_PIC = NO;
				GCC_NO_COMMON_BLOCKS = YES;
				GCC_OPTIMIZATION_LEVEL = 0;
				GCC_PREPROCESSOR_DEFINITIONS = (
					"DEBUG=1",
					"$(inherited)",
				);
				GCC_WARN_64_TO_32_BIT_CONVERSION = YES;
				GCC_WARN_ABOUT_RETURN_TYPE = YES_ERROR;
				GCC_WARN_UNDECLARED_SELECTOR = YES;
				GCC_WARN_UNINITIALIZED_AUTOS = YES_AGGRESSIVE;
				GCC_WARN_UNUSED_FUNCTION = YES;
				GCC_WARN_UNUSED_VARIABLE = YES;
				IPHONEOS_DEPLOYMENT_TARGET = 15.5;
				MTL_ENABLE_DEBUG_INFO = INCLUDE_SOURCE;
				MTL_FAST_MATH = YES;
				ONLY_ACTIVE_ARCH = YES;
				SDKROOT = iphoneos;
				SWIFT_ACTIVE_COMPILATION_CONDITIONS = DEBUG;
				SWIFT_OPTIMIZATION_LEVEL = "-Onone";
			};
			name = Debug;
		};
		0BA96702288BCDE6005C1A8F /* Release */ = {
			isa = XCBuildConfiguration;
			buildSettings = {
				ALWAYS_SEARCH_USER_PATHS = NO;
				CLANG_ANALYZER_NONNULL = YES;
				CLANG_ANALYZER_NUMBER_OBJECT_CONVERSION = YES_AGGRESSIVE;
				CLANG_CXX_LANGUAGE_STANDARD = "gnu++17";
				CLANG_ENABLE_MODULES = YES;
				CLANG_ENABLE_OBJC_ARC = YES;
				CLANG_ENABLE_OBJC_WEAK = YES;
				CLANG_WARN_BLOCK_CAPTURE_AUTORELEASING = YES;
				CLANG_WARN_BOOL_CONVERSION = YES;
				CLANG_WARN_COMMA = YES;
				CLANG_WARN_CONSTANT_CONVERSION = YES;
				CLANG_WARN_DEPRECATED_OBJC_IMPLEMENTATIONS = YES;
				CLANG_WARN_DIRECT_OBJC_ISA_USAGE = YES_ERROR;
				CLANG_WARN_DOCUMENTATION_COMMENTS = YES;
				CLANG_WARN_EMPTY_BODY = YES;
				CLANG_WARN_ENUM_CONVERSION = YES;
				CLANG_WARN_INFINITE_RECURSION = YES;
				CLANG_WARN_INT_CONVERSION = YES;
				CLANG_WARN_NON_LITERAL_NULL_CONVERSION = YES;
				CLANG_WARN_OBJC_IMPLICIT_RETAIN_SELF = YES;
				CLANG_WARN_OBJC_LITERAL_CONVERSION = YES;
				CLANG_WARN_OBJC_ROOT_CLASS = YES_ERROR;
				CLANG_WARN_QUOTED_INCLUDE_IN_FRAMEWORK_HEADER = YES;
				CLANG_WARN_RANGE_LOOP_ANALYSIS = YES;
				CLANG_WARN_STRICT_PROTOTYPES = YES;
				CLANG_WARN_SUSPICIOUS_MOVE = YES;
				CLANG_WARN_UNGUARDED_AVAILABILITY = YES_AGGRESSIVE;
				CLANG_WARN_UNREACHABLE_CODE = YES;
				CLANG_WARN__DUPLICATE_METHOD_MATCH = YES;
				COPY_PHASE_STRIP = NO;
				DEBUG_INFORMATION_FORMAT = "dwarf-with-dsym";
				ENABLE_NS_ASSERTIONS = NO;
				ENABLE_STRICT_OBJC_MSGSEND = YES;
				GCC_C_LANGUAGE_STANDARD = gnu11;
				GCC_NO_COMMON_BLOCKS = YES;
				GCC_WARN_64_TO_32_BIT_CONVERSION = YES;
				GCC_WARN_ABOUT_RETURN_TYPE = YES_ERROR;
				GCC_WARN_UNDECLARED_SELECTOR = YES;
				GCC_WARN_UNINITIALIZED_AUTOS = YES_AGGRESSIVE;
				GCC_WARN_UNUSED_FUNCTION = YES;
				GCC_WARN_UNUSED_VARIABLE = YES;
				IPHONEOS_DEPLOYMENT_TARGET = 15.5;
				MTL_ENABLE_DEBUG_INFO = NO;
				MTL_FAST_MATH = YES;
				SDKROOT = iphoneos;
				SWIFT_COMPILATION_MODE = wholemodule;
				SWIFT_OPTIMIZATION_LEVEL = "-O";
				VALIDATE_PRODUCT = YES;
			};
			name = Release;
		};
		0BA96704288BCDE6005C1A8F /* Debug */ = {
			isa = XCBuildConfiguration;
			baseConfigurationReference = FEA63F6B5922D392CE839FF5 /* Pods-Pokedex.debug.xcconfig */;
			buildSettings = {
				ASSETCATALOG_COMPILER_APPICON_NAME = AppIcon;
				ASSETCATALOG_COMPILER_GLOBAL_ACCENT_COLOR_NAME = AccentColor;
				CODE_SIGN_STYLE = Automatic;
				CURRENT_PROJECT_VERSION = 1;
				DEVELOPMENT_ASSET_PATHS = "\"Pokedex/Supporting Files\"";
				DEVELOPMENT_TEAM = SSW7U4ST5V;
				ENABLE_PREVIEWS = YES;
				GENERATE_INFOPLIST_FILE = YES;
				INFOPLIST_FILE = "Pokedex/Supporting FIles/Info.plist";
				INFOPLIST_KEY_UIApplicationSceneManifest_Generation = YES;
				INFOPLIST_KEY_UIApplicationSupportsIndirectInputEvents = YES;
				INFOPLIST_KEY_UILaunchScreen_Generation = YES;
				INFOPLIST_KEY_UISupportedInterfaceOrientations_iPad = "UIInterfaceOrientationPortrait UIInterfaceOrientationPortraitUpsideDown UIInterfaceOrientationLandscapeLeft UIInterfaceOrientationLandscapeRight";
				INFOPLIST_KEY_UISupportedInterfaceOrientations_iPhone = "UIInterfaceOrientationPortrait UIInterfaceOrientationLandscapeLeft UIInterfaceOrientationLandscapeRight";
				IPHONEOS_DEPLOYMENT_TARGET = 16.0;
				LD_RUNPATH_SEARCH_PATHS = (
					"$(inherited)",
					"@executable_path/Frameworks",
				);
				MARKETING_VERSION = 1.0;
				PRODUCT_BUNDLE_IDENTIFIER = com.sample.Pokedex;
				PRODUCT_NAME = "$(TARGET_NAME)";
				SWIFT_EMIT_LOC_STRINGS = YES;
				SWIFT_VERSION = 5.0;
				TARGETED_DEVICE_FAMILY = "1,2";
			};
			name = Debug;
		};
		0BA96705288BCDE6005C1A8F /* Release */ = {
			isa = XCBuildConfiguration;
			baseConfigurationReference = 800F08E085B17D89CCF3CD2D /* Pods-Pokedex.release.xcconfig */;
			buildSettings = {
				ASSETCATALOG_COMPILER_APPICON_NAME = AppIcon;
				ASSETCATALOG_COMPILER_GLOBAL_ACCENT_COLOR_NAME = AccentColor;
				CODE_SIGN_STYLE = Automatic;
				CURRENT_PROJECT_VERSION = 1;
				DEVELOPMENT_ASSET_PATHS = "\"Pokedex/Supporting Files\"";
				DEVELOPMENT_TEAM = SSW7U4ST5V;
				ENABLE_PREVIEWS = YES;
				GENERATE_INFOPLIST_FILE = YES;
				INFOPLIST_FILE = "Pokedex/Supporting FIles/Info.plist";
				INFOPLIST_KEY_UIApplicationSceneManifest_Generation = YES;
				INFOPLIST_KEY_UIApplicationSupportsIndirectInputEvents = YES;
				INFOPLIST_KEY_UILaunchScreen_Generation = YES;
				INFOPLIST_KEY_UISupportedInterfaceOrientations_iPad = "UIInterfaceOrientationPortrait UIInterfaceOrientationPortraitUpsideDown UIInterfaceOrientationLandscapeLeft UIInterfaceOrientationLandscapeRight";
				INFOPLIST_KEY_UISupportedInterfaceOrientations_iPhone = "UIInterfaceOrientationPortrait UIInterfaceOrientationLandscapeLeft UIInterfaceOrientationLandscapeRight";
				IPHONEOS_DEPLOYMENT_TARGET = 16.0;
				LD_RUNPATH_SEARCH_PATHS = (
					"$(inherited)",
					"@executable_path/Frameworks",
				);
				MARKETING_VERSION = 1.0;
				PRODUCT_BUNDLE_IDENTIFIER = com.sample.Pokedex;
				PRODUCT_NAME = "$(TARGET_NAME)";
				SWIFT_EMIT_LOC_STRINGS = YES;
				SWIFT_VERSION = 5.0;
				TARGETED_DEVICE_FAMILY = "1,2";
			};
			name = Release;
		};
		0BA96707288BCDE6005C1A8F /* Debug */ = {
			isa = XCBuildConfiguration;
			baseConfigurationReference = A6B1D625E6AC7456CDAE8716 /* Pods-PokedexTests.debug.xcconfig */;
			buildSettings = {
				ALWAYS_EMBED_SWIFT_STANDARD_LIBRARIES = YES;
				BUNDLE_LOADER = "$(TEST_HOST)";
				CODE_SIGN_STYLE = Automatic;
				CURRENT_PROJECT_VERSION = 1;
				DEVELOPMENT_TEAM = SSW7U4ST5V;
				GENERATE_INFOPLIST_FILE = YES;
				IPHONEOS_DEPLOYMENT_TARGET = 15.5;
				MARKETING_VERSION = 1.0;
				PRODUCT_BUNDLE_IDENTIFIER = com.sample.PokedexTests;
				PRODUCT_NAME = "$(TARGET_NAME)";
				SWIFT_EMIT_LOC_STRINGS = NO;
				SWIFT_VERSION = 5.0;
				TARGETED_DEVICE_FAMILY = "1,2";
				TEST_HOST = "$(BUILT_PRODUCTS_DIR)/Pokedex.app/Pokedex";
			};
			name = Debug;
		};
		0BA96708288BCDE6005C1A8F /* Release */ = {
			isa = XCBuildConfiguration;
			baseConfigurationReference = 17D23C31E74DF87D53BB528F /* Pods-PokedexTests.release.xcconfig */;
			buildSettings = {
				ALWAYS_EMBED_SWIFT_STANDARD_LIBRARIES = YES;
				BUNDLE_LOADER = "$(TEST_HOST)";
				CODE_SIGN_STYLE = Automatic;
				CURRENT_PROJECT_VERSION = 1;
				DEVELOPMENT_TEAM = SSW7U4ST5V;
				GENERATE_INFOPLIST_FILE = YES;
				IPHONEOS_DEPLOYMENT_TARGET = 15.5;
				MARKETING_VERSION = 1.0;
				PRODUCT_BUNDLE_IDENTIFIER = com.sample.PokedexTests;
				PRODUCT_NAME = "$(TARGET_NAME)";
				SWIFT_EMIT_LOC_STRINGS = NO;
				SWIFT_VERSION = 5.0;
				TARGETED_DEVICE_FAMILY = "1,2";
				TEST_HOST = "$(BUILT_PRODUCTS_DIR)/Pokedex.app/Pokedex";
			};
			name = Release;
		};
		0BA9670A288BCDE6005C1A8F /* Debug */ = {
			isa = XCBuildConfiguration;
			baseConfigurationReference = 48E3BC1916E0A3E28167BA02 /* Pods-Pokedex-PokedexUITests.debug.xcconfig */;
			buildSettings = {
				ALWAYS_EMBED_SWIFT_STANDARD_LIBRARIES = YES;
				CODE_SIGN_STYLE = Automatic;
				CURRENT_PROJECT_VERSION = 1;
				DEVELOPMENT_TEAM = SSW7U4ST5V;
				GENERATE_INFOPLIST_FILE = YES;
				MARKETING_VERSION = 1.0;
				PRODUCT_BUNDLE_IDENTIFIER = com.sample.PokedexUITests;
				PRODUCT_NAME = "$(TARGET_NAME)";
				SWIFT_EMIT_LOC_STRINGS = NO;
				SWIFT_VERSION = 5.0;
				TARGETED_DEVICE_FAMILY = "1,2";
				TEST_TARGET_NAME = Pokedex;
			};
			name = Debug;
		};
		0BA9670B288BCDE6005C1A8F /* Release */ = {
			isa = XCBuildConfiguration;
			baseConfigurationReference = 37EA66B8920E0D40516C7FEB /* Pods-Pokedex-PokedexUITests.release.xcconfig */;
			buildSettings = {
				ALWAYS_EMBED_SWIFT_STANDARD_LIBRARIES = YES;
				CODE_SIGN_STYLE = Automatic;
				CURRENT_PROJECT_VERSION = 1;
				DEVELOPMENT_TEAM = SSW7U4ST5V;
				GENERATE_INFOPLIST_FILE = YES;
				MARKETING_VERSION = 1.0;
				PRODUCT_BUNDLE_IDENTIFIER = com.sample.PokedexUITests;
				PRODUCT_NAME = "$(TARGET_NAME)";
				SWIFT_EMIT_LOC_STRINGS = NO;
				SWIFT_VERSION = 5.0;
				TARGETED_DEVICE_FAMILY = "1,2";
				TEST_TARGET_NAME = Pokedex;
			};
			name = Release;
		};
/* End XCBuildConfiguration section */

/* Begin XCConfigurationList section */
		0BA966DA288BCDE3005C1A8F /* Build configuration list for PBXProject "Pokedex" */ = {
			isa = XCConfigurationList;
			buildConfigurations = (
				0BA96701288BCDE6005C1A8F /* Debug */,
				0BA96702288BCDE6005C1A8F /* Release */,
			);
			defaultConfigurationIsVisible = 0;
			defaultConfigurationName = Release;
		};
		0BA96703288BCDE6005C1A8F /* Build configuration list for PBXNativeTarget "Pokedex" */ = {
			isa = XCConfigurationList;
			buildConfigurations = (
				0BA96704288BCDE6005C1A8F /* Debug */,
				0BA96705288BCDE6005C1A8F /* Release */,
			);
			defaultConfigurationIsVisible = 0;
			defaultConfigurationName = Release;
		};
		0BA96706288BCDE6005C1A8F /* Build configuration list for PBXNativeTarget "PokedexTests" */ = {
			isa = XCConfigurationList;
			buildConfigurations = (
				0BA96707288BCDE6005C1A8F /* Debug */,
				0BA96708288BCDE6005C1A8F /* Release */,
			);
			defaultConfigurationIsVisible = 0;
			defaultConfigurationName = Release;
		};
		0BA96709288BCDE6005C1A8F /* Build configuration list for PBXNativeTarget "PokedexUITests" */ = {
			isa = XCConfigurationList;
			buildConfigurations = (
				0BA9670A288BCDE6005C1A8F /* Debug */,
				0BA9670B288BCDE6005C1A8F /* Release */,
			);
			defaultConfigurationIsVisible = 0;
			defaultConfigurationName = Release;
		};
/* End XCConfigurationList section */

/* Begin XCRemoteSwiftPackageReference section */
		0B2A50C92890489000B05F1E /* XCRemoteSwiftPackageReference "QGrid" */ = {
			isa = XCRemoteSwiftPackageReference;
			repositoryURL = "https://github.com/Q-Mobile/QGrid";
			requirement = {
				kind = upToNextMajorVersion;
				minimumVersion = 0.1.4;
			};
		};
/* End XCRemoteSwiftPackageReference section */

/* Begin XCSwiftPackageProductDependency section */
		0B2A50CA2890489000B05F1E /* QGrid */ = {
			isa = XCSwiftPackageProductDependency;
			package = 0B2A50C92890489000B05F1E /* XCRemoteSwiftPackageReference "QGrid" */;
			productName = QGrid;
		};
/* End XCSwiftPackageProductDependency section */
	};
	rootObject = 0BA966D7288BCDE3005C1A8F /* Project object */;
}
